--- 
dependencies: 
  system_timer: 
    group: 
    - :default
    version: = 1.0
  rails: 
    group: 
    - :default
    version: ~> 2.3.5
    require: []

  ZenTest: 
    group: 
    - :test
    version: ">= 0"
  mysql: 
    group: 
    - :default
    version: = 2.8.1
  memcache-client: 
    group: 
    - :default
    version: = 1.7.6
    require: 
    - memcache
  taf2-curb: 
    group: 
    - :default
    version: = 0.2.8.0
  haml: 
    group: 
    - :default
    version: = 2.2.20
  jrails: 
    group: 
    - :default
    version: = 0.6.0
  delayed_job: 
    group: 
    - :default
    version: = 1.8.4
  rspec: 
    group: 
    - :test
    version: ">= 0"
  rspec-rails: 
    group: 
    - :test
    version: ">= 0"
  factory_girl: 
    group: 
    - :test
    version: ">= 0"
  erubis: 
    group: 
    - :default
    version: = 2.6.5
  will_paginate: 
    group: 
    - :default
    version: = 2.3.11
  paperclip: 
    group: 
    - :default
    version: = 2.3.1.1
  json_pure: 
    group: 
    - :default
    version: = 1.2.0
  RedCloth: 
    group: 
    - :default
    version: = 4.2.3
    require: 
    - redcloth
specs: 
- activesupport: 
    version: 2.3.5
- RedCloth: 
    version: 4.2.3
- json_pure: 
    version: 1.2.0
- will_paginate: 
    version: 2.3.11
- rspec: 
    version: 1.3.0
- rspec-rails: 
    version: 1.3.2
- abstract: 
    version: 1.0.0
- erubis: 
    version: 2.6.5
- delayed_job: 
    version: 1.8.4
- jrails: 
    version: 0.6.0
- mysql: 
    version: 2.8.1
- memcache-client: 
    version: 1.7.6
- rack: 
    version: 1.0.1
- actionpack: 
    version: 2.3.5
- actionmailer: 
    version: 2.3.5
- taf2-curb: 
    version: 0.2.8.0
- haml: 
    version: 2.2.20
- rake: 
    version: 0.8.7
- activerecord: 
    version: 2.3.5
- paperclip: 
    version: 2.3.1.1
- factory_girl: 
    version: 1.2.4
- system_timer: 
    version: "1.0"
- ZenTest: 
    version: 4.3.1
- activeresource: 
    version: 2.3.5
- rails: 
    version: 2.3.5
hash: 5fb9e4288eba97bfec04395e60529fd9bf35adc4
sources: 
- Rubygems: 
    uri: http://gemcutter.org
